
Microsoft Visual Studio Solution File, Format Version 12.00
# Visual Studio 14
VisualStudioVersion = 14.0.23107.0
MinimumVisualStudioVersion = 10.0.40219.1
Project("{FAE04EC0-301F-11D3-BF4B-00C04F79EFBC}") = "CS wpf 预充电阻选型", "CS wpf 预充电阻选型.csproj", "{B03462BE-72D9-4683-888D-2189B50B3331}"
EndProject
Global
	GlobalSection(SolutionConfigurationPlatforms) = preSolution
		Debug|Any CPU = Debug|Any CPU
		Release|Any CPU = Release|Any CPU
	EndGlobalSection
	GlobalSection(ProjectConfigurationPlatforms) = postSolution
		{B03462BE-72D9-4683-888D-2189B50B3331}.Debug|Any CPU.ActiveCfg = Debug|Any CPU
		{B03462BE-72D9-4683-888D-2189B50B3331}.Debug|Any CPU.Build.0 = Debug|Any CPU
		{B03462BE-72D9-4683-888D-2189B50B3331}.Release|Any CPU.ActiveCfg = Release|Any CPU
		{B03462BE-72D9-4683-888D-2189B50B3331}.Release|Any CPU.Build.0 = Release|Any CPU
	EndGlobalSection
	GlobalSection(SolutionProperties) = preSolution
		HideSolutionNode = FALSE
	EndGlobalSection
EndGlobal
